<Solution>
  <Folder Name="/OrderBridge/">
    <Project Path="OrderBridge/OrderBridge.Application/OrderBridge.Application.csproj" Id="a7c5e1e2-b3c3-400d-996d-0ff90402a766" />
    <Project Path="OrderBridge/OrderBridge.Domain/OrderBridge.Domain.csproj" Id="892b28fc-7776-4d5f-a0c5-cb2d8fc3f9a9" />
    <Project Path="OrderBridge/OrderBridge.Infrastructure/OrderBridge.Infrastructure.csproj" Id="6955f1f2-c38d-4f58-9ab9-4b7416d65a67" />
    <Project Path="OrderBridge/OrderBridge.Presentation/OrderBridge.Presentation.csproj" Id="fedc6c3e-4c65-4366-8ee9-ae9e7cb6853f" />
  </Folder>
</Solution>
